
Microsoft Visual Studio Solution File, Format Version 12.00
# Visual Studio 15
VisualStudioVersion = 15.0.27130.2010
MinimumVisualStudioVersion = 10.0.40219.1
Project("{FAE04EC0-301F-11D3-BF4B-00C04F79EFBC}") = "HttpHelper", "HttpHelper\HttpHelper.csproj", "{DD2EFA45-F62F-451D-868B-C458B80E955C}"
EndProject
Global
	GlobalSection(SolutionConfigurationPlatforms) = preSolution
		Debug|Any CPU = Debug|Any CPU
		Release|Any CPU = Release|Any CPU
	EndGlobalSection
	GlobalSection(ProjectConfigurationPlatforms) = postSolution
		{DD2EFA45-F62F-451D-868B-C458B80E955C}.Debug|Any CPU.ActiveCfg = Debug|Any CPU
		{DD2EFA45-F62F-451D-868B-C458B80E955C}.Debug|Any CPU.Build.0 = Debug|Any CPU
		{DD2EFA45-F62F-451D-868B-C458B80E955C}.Release|Any CPU.ActiveCfg = Release|Any CPU
		{DD2EFA45-F62F-451D-868B-C458B80E955C}.Release|Any CPU.Build.0 = Release|Any CPU
	EndGlobalSection
	GlobalSection(SolutionProperties) = preSolution
		HideSolutionNode = FALSE
	EndGlobalSection
	GlobalSection(ExtensibilityGlobals) = postSolution
		SolutionGuid = {4672CDD0-1153-4C64-957D-BBF0ED102F97}
	EndGlobalSection
EndGlobal
