
Microsoft Visual Studio Solution File, Format Version 12.00
# Visual Studio 15
VisualStudioVersion = 15.0.27130.2010
MinimumVisualStudioVersion = 10.0.40219.1
Project("{FAE04EC0-301F-11D3-BF4B-00C04F79EFBC}") = "WindowsFormsApp1", "WindowsFormsApp1\WindowsFormsApp1.csproj", "{2E50614E-D432-41D0-A4EE-2B6E6ED709FB}"
EndProject
Global
	GlobalSection(SolutionConfigurationPlatforms) = preSolution
		Debug|Any CPU = Debug|Any CPU
		Release|Any CPU = Release|Any CPU
	EndGlobalSection
	GlobalSection(ProjectConfigurationPlatforms) = postSolution
		{2E50614E-D432-41D0-A4EE-2B6E6ED709FB}.Debug|Any CPU.ActiveCfg = Debug|Any CPU
		{2E50614E-D432-41D0-A4EE-2B6E6ED709FB}.Debug|Any CPU.Build.0 = Debug|Any CPU
		{2E50614E-D432-41D0-A4EE-2B6E6ED709FB}.Release|Any CPU.ActiveCfg = Release|Any CPU
		{2E50614E-D432-41D0-A4EE-2B6E6ED709FB}.Release|Any CPU.Build.0 = Release|Any CPU
	EndGlobalSection
	GlobalSection(SolutionProperties) = preSolution
		HideSolutionNode = FALSE
	EndGlobalSection
	GlobalSection(ExtensibilityGlobals) = postSolution
		SolutionGuid = {9C01D07E-D632-4CF9-82B9-670295028ED0}
	EndGlobalSection
EndGlobal
